
Microsoft Visual Studio Solution File, Format Version 12.00
# Visual Studio 2013
VisualStudioVersion = 12.0.31101.0
MinimumVisualStudioVersion = 10.0.40219.1
Project("{2150E333-8FDC-42A3-9474-1A3956D46DE8}") = "3rdParty", "3rdParty", "{44E75F48-1AC9-4FEE-BBB2-100508FB16C8}"
EndProject
Project("{8BC9CEB8-8B4A-11D0-8D11-00A0C91BC942}") = "sfml-audio", "sfml-audio\sfml-audio.vcxproj", "{42DD7832-0F96-48C8-87FD-B8132EB59ACF}"
	ProjectSection(ProjectDependencies) = postProject
		{3035366A-F7BC-46D5-A2C5-C79E2753FB3D} = {3035366A-F7BC-46D5-A2C5-C79E2753FB3D}
	EndProjectSection
EndProject
Project("{8BC9CEB8-8B4A-11D0-8D11-00A0C91BC942}") = "sfml-graphics", "sfml-graphics\sfml-graphics.vcxproj", "{0629E7BE-EFD6-4FF5-80DD-065E6A26E52E}"
	ProjectSection(ProjectDependencies) = postProject
		{3035366A-F7BC-46D5-A2C5-C79E2753FB3D} = {3035366A-F7BC-46D5-A2C5-C79E2753FB3D}
		{A49537A2-E284-4A62-834F-527F5202FA1A} = {A49537A2-E284-4A62-834F-527F5202FA1A}
	EndProjectSection
EndProject
Project("{8BC9CEB8-8B4A-11D0-8D11-00A0C91BC942}") = "sfml-network", "sfml-network\sfml-network.vcxproj", "{176A203D-2C83-49AB-B7C1-C26D2B309D05}"
	ProjectSection(ProjectDependencies) = postProject
		{3035366A-F7BC-46D5-A2C5-C79E2753FB3D} = {3035366A-F7BC-46D5-A2C5-C79E2753FB3D}
	EndProjectSection
EndProject
Project("{8BC9CEB8-8B4A-11D0-8D11-00A0C91BC942}") = "sfml-system", "sfml-system\sfml-system.vcxproj", "{3035366A-F7BC-46D5-A2C5-C79E2753FB3D}"
EndProject
Project("{8BC9CEB8-8B4A-11D0-8D11-00A0C91BC942}") = "sfml-window", "sfml-window\sfml-window.vcxproj", "{A49537A2-E284-4A62-834F-527F5202FA1A}"
	ProjectSection(ProjectDependencies) = postProject
		{3035366A-F7BC-46D5-A2C5-C79E2753FB3D} = {3035366A-F7BC-46D5-A2C5-C79E2753FB3D}
	EndProjectSection
EndProject
Project("{8BC9CEB8-8B4A-11D0-8D11-00A0C91BC942}") = "gtest", "gtest\gtest.vcxproj", "{0B598FD1-8F8D-4AB1-9404-54B10F09C14C}"
EndProject
Project("{8BC9CEB8-8B4A-11D0-8D11-00A0C91BC942}") = "sqlite", "sqlite\sqlite.vcxproj", "{B8F596D5-504F-4103-928C-3304F2072140}"
EndProject
Project("{8BC9CEB8-8B4A-11D0-8D11-00A0C91BC942}") = "sfml-main", "sfml-main\sfml-main.vcxproj", "{BDC2DCA6-4CED-46D6-AA0E-45E921AD0F54}"
EndProject
Project("{8BC9CEB8-8B4A-11D0-8D11-00A0C91BC942}") = "BlackWolf.Lupus.Core", "BlackWolf.Lupus.Core\BlackWolf.Lupus.Core.vcxproj", "{4117288E-3098-40DC-80DB-3A26B730FC0C}"
	ProjectSection(ProjectDependencies) = postProject
		{42DD7832-0F96-48C8-87FD-B8132EB59ACF} = {42DD7832-0F96-48C8-87FD-B8132EB59ACF}
		{176A203D-2C83-49AB-B7C1-C26D2B309D05} = {176A203D-2C83-49AB-B7C1-C26D2B309D05}
		{3035366A-F7BC-46D5-A2C5-C79E2753FB3D} = {3035366A-F7BC-46D5-A2C5-C79E2753FB3D}
		{A49537A2-E284-4A62-834F-527F5202FA1A} = {A49537A2-E284-4A62-834F-527F5202FA1A}
		{BDC2DCA6-4CED-46D6-AA0E-45E921AD0F54} = {BDC2DCA6-4CED-46D6-AA0E-45E921AD0F54}
		{0629E7BE-EFD6-4FF5-80DD-065E6A26E52E} = {0629E7BE-EFD6-4FF5-80DD-065E6A26E52E}
		{0B598FD1-8F8D-4AB1-9404-54B10F09C14C} = {0B598FD1-8F8D-4AB1-9404-54B10F09C14C}
		{B8F596D5-504F-4103-928C-3304F2072140} = {B8F596D5-504F-4103-928C-3304F2072140}
	EndProjectSection
EndProject
Project("{8BC9CEB8-8B4A-11D0-8D11-00A0C91BC942}") = "BlackWolf.Lupus.Core.Test", "BlackWolf.Lupus.Core.Test\BlackWolf.Lupus.Core.Test.vcxproj", "{9E0FD8DE-95F8-436B-A38E-E3362745AE75}"
	ProjectSection(ProjectDependencies) = postProject
		{4117288E-3098-40DC-80DB-3A26B730FC0C} = {4117288E-3098-40DC-80DB-3A26B730FC0C}
	EndProjectSection
EndProject
Global
	GlobalSection(SolutionConfigurationPlatforms) = preSolution
		Debug|Win32 = Debug|Win32
		Release|Win32 = Release|Win32
	EndGlobalSection
	GlobalSection(ProjectConfigurationPlatforms) = postSolution
		{42DD7832-0F96-48C8-87FD-B8132EB59ACF}.Debug|Win32.ActiveCfg = Debug|Win32
		{42DD7832-0F96-48C8-87FD-B8132EB59ACF}.Debug|Win32.Build.0 = Debug|Win32
		{42DD7832-0F96-48C8-87FD-B8132EB59ACF}.Release|Win32.ActiveCfg = Release|Win32
		{42DD7832-0F96-48C8-87FD-B8132EB59ACF}.Release|Win32.Build.0 = Release|Win32
		{0629E7BE-EFD6-4FF5-80DD-065E6A26E52E}.Debug|Win32.ActiveCfg = Debug|Win32
		{0629E7BE-EFD6-4FF5-80DD-065E6A26E52E}.Debug|Win32.Build.0 = Debug|Win32
		{0629E7BE-EFD6-4FF5-80DD-065E6A26E52E}.Release|Win32.ActiveCfg = Release|Win32
		{0629E7BE-EFD6-4FF5-80DD-065E6A26E52E}.Release|Win32.Build.0 = Release|Win32
		{176A203D-2C83-49AB-B7C1-C26D2B309D05}.Debug|Win32.ActiveCfg = Debug|Win32
		{176A203D-2C83-49AB-B7C1-C26D2B309D05}.Debug|Win32.Build.0 = Debug|Win32
		{176A203D-2C83-49AB-B7C1-C26D2B309D05}.Release|Win32.ActiveCfg = Release|Win32
		{176A203D-2C83-49AB-B7C1-C26D2B309D05}.Release|Win32.Build.0 = Release|Win32
		{3035366A-F7BC-46D5-A2C5-C79E2753FB3D}.Debug|Win32.ActiveCfg = Debug|Win32
		{3035366A-F7BC-46D5-A2C5-C79E2753FB3D}.Debug|Win32.Build.0 = Debug|Win32
		{3035366A-F7BC-46D5-A2C5-C79E2753FB3D}.Release|Win32.ActiveCfg = Release|Win32
		{3035366A-F7BC-46D5-A2C5-C79E2753FB3D}.Release|Win32.Build.0 = Release|Win32
		{A49537A2-E284-4A62-834F-527F5202FA1A}.Debug|Win32.ActiveCfg = Debug|Win32
		{A49537A2-E284-4A62-834F-527F5202FA1A}.Debug|Win32.Build.0 = Debug|Win32
		{A49537A2-E284-4A62-834F-527F5202FA1A}.Release|Win32.ActiveCfg = Release|Win32
		{A49537A2-E284-4A62-834F-527F5202FA1A}.Release|Win32.Build.0 = Release|Win32
		{0B598FD1-8F8D-4AB1-9404-54B10F09C14C}.Debug|Win32.ActiveCfg = Debug|Win32
		{0B598FD1-8F8D-4AB1-9404-54B10F09C14C}.Debug|Win32.Build.0 = Debug|Win32
		{0B598FD1-8F8D-4AB1-9404-54B10F09C14C}.Release|Win32.ActiveCfg = Release|Win32
		{0B598FD1-8F8D-4AB1-9404-54B10F09C14C}.Release|Win32.Build.0 = Release|Win32
		{B8F596D5-504F-4103-928C-3304F2072140}.Debug|Win32.ActiveCfg = Debug|Win32
		{B8F596D5-504F-4103-928C-3304F2072140}.Debug|Win32.Build.0 = Debug|Win32
		{B8F596D5-504F-4103-928C-3304F2072140}.Release|Win32.ActiveCfg = Release|Win32
		{B8F596D5-504F-4103-928C-3304F2072140}.Release|Win32.Build.0 = Release|Win32
		{BDC2DCA6-4CED-46D6-AA0E-45E921AD0F54}.Debug|Win32.ActiveCfg = Debug|Win32
		{BDC2DCA6-4CED-46D6-AA0E-45E921AD0F54}.Debug|Win32.Build.0 = Debug|Win32
		{BDC2DCA6-4CED-46D6-AA0E-45E921AD0F54}.Release|Win32.ActiveCfg = Release|Win32
		{BDC2DCA6-4CED-46D6-AA0E-45E921AD0F54}.Release|Win32.Build.0 = Release|Win32
		{4117288E-3098-40DC-80DB-3A26B730FC0C}.Debug|Win32.ActiveCfg = Debug|Win32
		{4117288E-3098-40DC-80DB-3A26B730FC0C}.Debug|Win32.Build.0 = Debug|Win32
		{4117288E-3098-40DC-80DB-3A26B730FC0C}.Release|Win32.ActiveCfg = Release|Win32
		{4117288E-3098-40DC-80DB-3A26B730FC0C}.Release|Win32.Build.0 = Release|Win32
		{9E0FD8DE-95F8-436B-A38E-E3362745AE75}.Debug|Win32.ActiveCfg = Debug|Win32
		{9E0FD8DE-95F8-436B-A38E-E3362745AE75}.Debug|Win32.Build.0 = Debug|Win32
		{9E0FD8DE-95F8-436B-A38E-E3362745AE75}.Release|Win32.ActiveCfg = Release|Win32
		{9E0FD8DE-95F8-436B-A38E-E3362745AE75}.Release|Win32.Build.0 = Release|Win32
	EndGlobalSection
	GlobalSection(SolutionProperties) = preSolution
		HideSolutionNode = FALSE
	EndGlobalSection
	GlobalSection(NestedProjects) = preSolution
		{42DD7832-0F96-48C8-87FD-B8132EB59ACF} = {44E75F48-1AC9-4FEE-BBB2-100508FB16C8}
		{0629E7BE-EFD6-4FF5-80DD-065E6A26E52E} = {44E75F48-1AC9-4FEE-BBB2-100508FB16C8}
		{176A203D-2C83-49AB-B7C1-C26D2B309D05} = {44E75F48-1AC9-4FEE-BBB2-100508FB16C8}
		{3035366A-F7BC-46D5-A2C5-C79E2753FB3D} = {44E75F48-1AC9-4FEE-BBB2-100508FB16C8}
		{A49537A2-E284-4A62-834F-527F5202FA1A} = {44E75F48-1AC9-4FEE-BBB2-100508FB16C8}
		{0B598FD1-8F8D-4AB1-9404-54B10F09C14C} = {44E75F48-1AC9-4FEE-BBB2-100508FB16C8}
		{B8F596D5-504F-4103-928C-3304F2072140} = {44E75F48-1AC9-4FEE-BBB2-100508FB16C8}
		{BDC2DCA6-4CED-46D6-AA0E-45E921AD0F54} = {44E75F48-1AC9-4FEE-BBB2-100508FB16C8}
	EndGlobalSection
EndGlobal
